// !$*UTF8*$!
{
	archiveVersion = 1;
	classes = {
	};
	objectVersion = 56;
	objects = {

/* Begin PBXBuildFile section */
		BF653AF52BBDCEE10043D7C0 /* Task.swift in Sources */ = {isa = PBXBuildFile; fileRef = BF653AF42BBDCEE10043D7C0 /* Task.swift */; };
		BFAF41552BBDD922005F0417 /* TaskTableViewCell.swift in Sources */ = {isa = PBXBuildFile; fileRef = BFAF41532BBDD922005F0417 /* TaskTableViewCell.swift */; };
		BFAF41562BBDD922005F0417 /* TaskTableViewCell.xib in Resources */ = {isa = PBXBuildFile; fileRef = BFAF41542BBDD922005F0417 /* TaskTableViewCell.xib */; };
		BFC3DBF42BBAE7F90094FE0F /* AppDelegate.swift in Sources */ = {isa = PBXBuildFile; fileRef = BFC3DBF32BBAE7F90094FE0F /* AppDelegate.swift */; };
		BFC3DBF62BBAE7F90094FE0F /* SceneDelegate.swift in Sources */ = {isa = PBXBuildFile; fileRef = BFC3DBF52BBAE7F90094FE0F /* SceneDelegate.swift */; };
		BFC3DBFB2BBAE7F90094FE0F /* Base in Resources */ = {isa = PBXBuildFile; fileRef = BFC3DBFA2BBAE7F90094FE0F /* Base */; };
		BFC3DBFD2BBAE7FB0094FE0F /* Assets.xcassets in Resources */ = {isa = PBXBuildFile; fileRef = BFC3DBFC2BBAE7FB0094FE0F /* Assets.xcassets */; };
		BFC3DC002BBAE7FB0094FE0F /* Base in Resources */ = {isa = PBXBuildFile; fileRef = BFC3DBFF2BBAE7FB0094FE0F /* Base */; };
		BFC3DC0B2BBAE7FC0094FE0F /* ToDoAppTests.swift in Sources */ = {isa = PBXBuildFile; fileRef = BFC3DC0A2BBAE7FC0094FE0F /* ToDoAppTests.swift */; };
		BFC3DC152BBAE7FC0094FE0F /* ToDoAppUITests.swift in Sources */ = {isa = PBXBuildFile; fileRef = BFC3DC142BBAE7FC0094FE0F /* ToDoAppUITests.swift */; };
		BFC3DC172BBAE7FC0094FE0F /* ToDoAppUITestsLaunchTests.swift in Sources */ = {isa = PBXBuildFile; fileRef = BFC3DC162BBAE7FC0094FE0F /* ToDoAppUITestsLaunchTests.swift */; };
		BFC3DC242BBAE82B0094FE0F /* MainTabBarViewController.swift in Sources */ = {isa = PBXBuildFile; fileRef = BFC3DC232BBAE82B0094FE0F /* MainTabBarViewController.swift */; };
		BFC3DC2C2BBB3D050094FE0F /* ToDoListController.swift in Sources */ = {isa = PBXBuildFile; fileRef = BFC3DC2B2BBB3D050094FE0F /* ToDoListController.swift */; };
		BFC3DC2E2BBB3D220094FE0F /* AddTaskController.swift in Sources */ = {isa = PBXBuildFile; fileRef = BFC3DC2D2BBB3D220094FE0F /* AddTaskController.swift */; };
		BFC3DC302BBB3D350094FE0F /* ArchiveController.swift in Sources */ = {isa = PBXBuildFile; fileRef = BFC3DC2F2BBB3D350094FE0F /* ArchiveController.swift */; };
		BFC3DC342BBB3FB80094FE0F /* HistoryCell.xib in Resources */ = {isa = PBXBuildFile; fileRef = BFC3DC332BBB3FB80094FE0F /* HistoryCell.xib */; };
		BFC3DC352BBB3FB80094FE0F /* HistoryCell.swift in Sources */ = {isa = PBXBuildFile; fileRef = BFC3DC322BBB3FB80094FE0F /* HistoryCell.swift */; };
		BFC3DC382BBB3FD90094FE0F /* TaskCell.xib in Resources */ = {isa = PBXBuildFile; fileRef = BFC3DC372BBB3FD90094FE0F /* TaskCell.xib */; };
		BFC3DC392BBB3FD90094FE0F /* TaskCell.swift in Sources */ = {isa = PBXBuildFile; fileRef = BFC3DC362BBB3FD90094FE0F /* TaskCell.swift */; };
/* End PBXBuildFile section */

/* Begin PBXContainerItemProxy section */
		BFC3DC072BBAE7FC0094FE0F /* PBXContainerItemProxy */ = {
			isa = PBXContainerItemProxy;
			containerPortal = BFC3DBE82BBAE7F90094FE0F /* Project object */;
			proxyType = 1;
			remoteGlobalIDString = BFC3DBEF2BBAE7F90094FE0F;
			remoteInfo = ToDoApp;
		};
		BFC3DC112BBAE7FC0094FE0F /* PBXContainerItemProxy */ = {
			isa = PBXContainerItemProxy;
			containerPortal = BFC3DBE82BBAE7F90094FE0F /* Project object */;
			proxyType = 1;
			remoteGlobalIDString = BFC3DBEF2BBAE7F90094FE0F;
			remoteInfo = ToDoApp;
		};
/* End PBXContainerItemProxy section */

/* Begin PBXFileReference section */
		BF653AF42BBDCEE10043D7C0 /* Task.swift */ = {isa = PBXFileReference; lastKnownFileType = sourcecode.swift; path = Task.swift; sourceTree = "<group>"; };
		BFAF41532BBDD922005F0417 /* TaskTableViewCell.swift */ = {isa = PBXFileReference; lastKnownFileType = sourcecode.swift; path = TaskTableViewCell.swift; sourceTree = "<group>"; };
		BFAF41542BBDD922005F0417 /* TaskTableViewCell.xib */ = {isa = PBXFileReference; lastKnownFileType = file.xib; path = TaskTableViewCell.xib; sourceTree = "<group>"; };
		BFC3DBF02BBAE7F90094FE0F /* ToDoApp.app */ = {isa = PBXFileReference; explicitFileType = wrapper.application; includeInIndex = 0; path = ToDoApp.app; sourceTree = BUILT_PRODUCTS_DIR; };
		BFC3DBF32BBAE7F90094FE0F /* AppDelegate.swift */ = {isa = PBXFileReference; lastKnownFileType = sourcecode.swift; path = AppDelegate.swift; sourceTree = "<group>"; };
		BFC3DBF52BBAE7F90094FE0F /* SceneDelegate.swift */ = {isa = PBXFileReference; lastKnownFileType = sourcecode.swift; path = SceneDelegate.swift; sourceTree = "<group>"; };
		BFC3DBFA2BBAE7F90094FE0F /* Base */ = {isa = PBXFileReference; lastKnownFileType = file.storyboard; name = Base; path = Base.lproj/Main.storyboard; sourceTree = "<group>"; };
		BFC3DBFC2BBAE7FB0094FE0F /* Assets.xcassets */ = {isa = PBXFileReference; lastKnownFileType = folder.assetcatalog; path = Assets.xcassets; sourceTree = "<group>"; };
		BFC3DBFF2BBAE7FB0094FE0F /* Base */ = {isa = PBXFileReference; lastKnownFileType = file.storyboard; name = Base; path = Base.lproj/LaunchScreen.storyboard; sourceTree = "<group>"; };
		BFC3DC012BBAE7FB0094FE0F /* Info.plist */ = {isa = PBXFileReference; lastKnownFileType = text.plist.xml; path = Info.plist; sourceTree = "<group>"; };
		BFC3DC062BBAE7FC0094FE0F /* ToDoAppTests.xctest */ = {isa = PBXFileReference; explicitFileType = wrapper.cfbundle; includeInIndex = 0; path = ToDoAppTests.xctest; sourceTree = BUILT_PRODUCTS_DIR; };
		BFC3DC0A2BBAE7FC0094FE0F /* ToDoAppTests.swift */ = {isa = PBXFileReference; lastKnownFileType = sourcecode.swift; path = ToDoAppTests.swift; sourceTree = "<group>"; };
		BFC3DC102BBAE7FC0094FE0F /* ToDoAppUITests.xctest */ = {isa = PBXFileReference; explicitFileType = wrapper.cfbundle; includeInIndex = 0; path = ToDoAppUITests.xctest; sourceTree = BUILT_PRODUCTS_DIR; };
		BFC3DC142BBAE7FC0094FE0F /* ToDoAppUITests.swift */ = {isa = PBXFileReference; lastKnownFileType = sourcecode.swift; path = ToDoAppUITests.swift; sourceTree = "<group>"; };
		BFC3DC162BBAE7FC0094FE0F /* ToDoAppUITestsLaunchTests.swift */ = {isa = PBXFileReference; lastKnownFileType = sourcecode.swift; path = ToDoAppUITestsLaunchTests.swift; sourceTree = "<group>"; };
		BFC3DC232BBAE82B0094FE0F /* MainTabBarViewController.swift */ = {isa = PBXFileReference; lastKnownFileType = sourcecode.swift; path = MainTabBarViewController.swift; sourceTree = "<group>"; };
		BFC3DC2B2BBB3D050094FE0F /* ToDoListController.swift */ = {isa = PBXFileReference; lastKnownFileType = sourcecode.swift; path = ToDoListController.swift; sourceTree = "<group>"; };
		BFC3DC2D2BBB3D220094FE0F /* AddTaskController.swift */ = {isa = PBXFileReference; lastKnownFileType = sourcecode.swift; path = AddTaskController.swift; sourceTree = "<group>"; };
		BFC3DC2F2BBB3D350094FE0F /* ArchiveController.swift */ = {isa = PBXFileReference; lastKnownFileType = sourcecode.swift; path = ArchiveController.swift; sourceTree = "<group>"; };
		BFC3DC322BBB3FB80094FE0F /* HistoryCell.swift */ = {isa = PBXFileReference; lastKnownFileType = sourcecode.swift; path = HistoryCell.swift; sourceTree = "<group>"; };
		BFC3DC332BBB3FB80094FE0F /* HistoryCell.xib */ = {isa = PBXFileReference; lastKnownFileType = file.xib; path = HistoryCell.xib; sourceTree = "<group>"; };
		BFC3DC362BBB3FD90094FE0F /* TaskCell.swift */ = {isa = PBXFileReference; lastKnownFileType = sourcecode.swift; path = TaskCell.swift; sourceTree = "<group>"; };
		BFC3DC372BBB3FD90094FE0F /* TaskCell.xib */ = {isa = PBXFileReference; lastKnownFileType = file.xib; path = TaskCell.xib; sourceTree = "<group>"; };
/* End PBXFileReference section */

/* Begin PBXFrameworksBuildPhase section */
		BFC3DBED2BBAE7F90094FE0F /* Frameworks */ = {
			isa = PBXFrameworksBuildPhase;
			buildActionMask = 2147483647;
			files = (
			);
			runOnlyForDeploymentPostprocessing = 0;
		};
		BFC3DC032BBAE7FC0094FE0F /* Frameworks */ = {
			isa = PBXFrameworksBuildPhase;
			buildActionMask = 2147483647;
			files = (
			);
			runOnlyForDeploymentPostprocessing = 0;
		};
		BFC3DC0D2BBAE7FC0094FE0F /* Frameworks */ = {
			isa = PBXFrameworksBuildPhase;
			buildActionMask = 2147483647;
			files = (
			);
			runOnlyForDeploymentPostprocessing = 0;
		};
/* End PBXFrameworksBuildPhase section */

/* Begin PBXGroup section */
		BFAF41522BBDD904005F0417 /* Cells */ = {
			isa = PBXGroup;
			children = (
				BFAF41532BBDD922005F0417 /* TaskTableViewCell.swift */,
				BFAF41542BBDD922005F0417 /* TaskTableViewCell.xib */,
			);
			path = Cells;
			sourceTree = "<group>";
		};
		BFC3DBE72BBAE7F90094FE0F = {
			isa = PBXGroup;
			children = (
				BFC3DBF22BBAE7F90094FE0F /* ToDoApp */,
				BFC3DC092BBAE7FC0094FE0F /* ToDoAppTests */,
				BFC3DC132BBAE7FC0094FE0F /* ToDoAppUITests */,
				BFC3DBF12BBAE7F90094FE0F /* Products */,
			);
			sourceTree = "<group>";
		};
		BFC3DBF12BBAE7F90094FE0F /* Products */ = {
			isa = PBXGroup;
			children = (
				BFC3DBF02BBAE7F90094FE0F /* ToDoApp.app */,
				BFC3DC062BBAE7FC0094FE0F /* ToDoAppTests.xctest */,
				BFC3DC102BBAE7FC0094FE0F /* ToDoAppUITests.xctest */,
			);
			name = Products;
			sourceTree = "<group>";
		};
		BFC3DBF22BBAE7F90094FE0F /* ToDoApp */ = {
			isa = PBXGroup;
			children = (
				BFC3DC312BBB3F870094FE0F /* Cells */,
				BFC3DC2A2BBB3C590094FE0F /* Resources */,
				BFC3DC292BBB3C370094FE0F /* App */,
				BFC3DC282BBB3C1F0094FE0F /* Models */,
				BFC3DC272BBB3C160094FE0F /* Controllers */,
				BFC3DBF92BBAE7F90094FE0F /* Main.storyboard */,
				BFC3DBFE2BBAE7FB0094FE0F /* LaunchScreen.storyboard */,
			);
			path = ToDoApp;
			sourceTree = "<group>";
		};
		BFC3DC092BBAE7FC0094FE0F /* ToDoAppTests */ = {
			isa = PBXGroup;
			children = (
				BFC3DC0A2BBAE7FC0094FE0F /* ToDoAppTests.swift */,
			);
			path = ToDoAppTests;
			sourceTree = "<group>";
		};
		BFC3DC132BBAE7FC0094FE0F /* ToDoAppUITests */ = {
			isa = PBXGroup;
			children = (
				BFC3DC142BBAE7FC0094FE0F /* ToDoAppUITests.swift */,
				BFC3DC162BBAE7FC0094FE0F /* ToDoAppUITestsLaunchTests.swift */,
			);
			path = ToDoAppUITests;
			sourceTree = "<group>";
		};
		BFC3DC272BBB3C160094FE0F /* Controllers */ = {
			isa = PBXGroup;
			children = (
				BFAF41522BBDD904005F0417 /* Cells */,
				BFC3DC232BBAE82B0094FE0F /* MainTabBarViewController.swift */,
				BFC3DC2B2BBB3D050094FE0F /* ToDoListController.swift */,
				BFC3DC2D2BBB3D220094FE0F /* AddTaskController.swift */,
				BFC3DC2F2BBB3D350094FE0F /* ArchiveController.swift */,
			);
			path = Controllers;
			sourceTree = "<group>";
		};
		BFC3DC282BBB3C1F0094FE0F /* Models */ = {
			isa = PBXGroup;
			children = (
				BF653AF42BBDCEE10043D7C0 /* Task.swift */,
			);
			path = Models;
			sourceTree = "<group>";
		};
		BFC3DC292BBB3C370094FE0F /* App */ = {
			isa = PBXGroup;
			children = (
				BFC3DC012BBAE7FB0094FE0F /* Info.plist */,
				BFC3DBF52BBAE7F90094FE0F /* SceneDelegate.swift */,
				BFC3DBF32BBAE7F90094FE0F /* AppDelegate.swift */,
			);
			path = App;
			sourceTree = "<group>";
		};
		BFC3DC2A2BBB3C590094FE0F /* Resources */ = {
			isa = PBXGroup;
			children = (
				BFC3DBFC2BBAE7FB0094FE0F /* Assets.xcassets */,
			);
			path = Resources;
			sourceTree = "<group>";
		};
		BFC3DC312BBB3F870094FE0F /* Cells */ = {
			isa = PBXGroup;
			children = (
				BFC3DC322BBB3FB80094FE0F /* HistoryCell.swift */,
				BFC3DC332BBB3FB80094FE0F /* HistoryCell.xib */,
				BFC3DC362BBB3FD90094FE0F /* TaskCell.swift */,
				BFC3DC372BBB3FD90094FE0F /* TaskCell.xib */,
			);
			path = Cells;
			sourceTree = "<group>";
		};
/* End PBXGroup section */

/* Begin PBXNativeTarget section */
		BFC3DBEF2BBAE7F90094FE0F /* ToDoApp */ = {
			isa = PBXNativeTarget;
			buildConfigurationList = BFC3DC1A2BBAE7FC0094FE0F /* Build configuration list for PBXNativeTarget "ToDoApp" */;
			buildPhases = (
				BFC3DBEC2BBAE7F90094FE0F /* Sources */,
				BFC3DBED2BBAE7F90094FE0F /* Frameworks */,
				BFC3DBEE2BBAE7F90094FE0F /* Resources */,
			);
			buildRules = (
			);
			dependencies = (
			);
			name = ToDoApp;
			productName = ToDoApp;
			productReference = BFC3DBF02BBAE7F90094FE0F /* ToDoApp.app */;
			productType = "com.apple.product-type.application";
		};
		BFC3DC052BBAE7FC0094FE0F /* ToDoAppTests */ = {
			isa = PBXNativeTarget;
			buildConfigurationList = BFC3DC1D2BBAE7FC0094FE0F /* Build configuration list for PBXNativeTarget "ToDoAppTests" */;
			buildPhases = (
				BFC3DC022BBAE7FC0094FE0F /* Sources */,
				BFC3DC032BBAE7FC0094FE0F /* Frameworks */,
				BFC3DC042BBAE7FC0094FE0F /* Resources */,
			);
			buildRules = (
			);
			dependencies = (
				BFC3DC082BBAE7FC0094FE0F /* PBXTargetDependency */,
			);
			name = ToDoAppTests;
			productName = ToDoAppTests;
			productReference = BFC3DC062BBAE7FC0094FE0F /* ToDoAppTests.xctest */;
			productType = "com.apple.product-type.bundle.unit-test";
		};
		BFC3DC0F2BBAE7FC0094FE0F /* ToDoAppUITests */ = {
			isa = PBXNativeTarget;
			buildConfigurationList = BFC3DC202BBAE7FC0094FE0F /* Build configuration list for PBXNativeTarget "ToDoAppUITests" */;
			buildPhases = (
				BFC3DC0C2BBAE7FC0094FE0F /* Sources */,
				BFC3DC0D2BBAE7FC0094FE0F /* Frameworks */,
				BFC3DC0E2BBAE7FC0094FE0F /* Resources */,
			);
			buildRules = (
			);
			dependencies = (
				BFC3DC122BBAE7FC0094FE0F /* PBXTargetDependency */,
			);
			name = ToDoAppUITests;
			productName = ToDoAppUITests;
			productReference = BFC3DC102BBAE7FC0094FE0F /* ToDoAppUITests.xctest */;
			productType = "com.apple.product-type.bundle.ui-testing";
		};
/* End PBXNativeTarget section */

/* Begin PBXProject section */
		BFC3DBE82BBAE7F90094FE0F /* Project object */ = {
			isa = PBXProject;
			attributes = {
				BuildIndependentTargetsInParallel = 1;
				LastSwiftUpdateCheck = 1530;
				LastUpgradeCheck = 1530;
				TargetAttributes = {
					BFC3DBEF2BBAE7F90094FE0F = {
						CreatedOnToolsVersion = 15.3;
					};
					BFC3DC052BBAE7FC0094FE0F = {
						CreatedOnToolsVersion = 15.3;
						TestTargetID = BFC3DBEF2BBAE7F90094FE0F;
					};
					BFC3DC0F2BBAE7FC0094FE0F = {
						CreatedOnToolsVersion = 15.3;
						TestTargetID = BFC3DBEF2BBAE7F90094FE0F;
					};
				};
			};
			buildConfigurationList = BFC3DBEB2BBAE7F90094FE0F /* Build configuration list for PBXProject "ToDoApp" */;
			compatibilityVersion = "Xcode 14.0";
			developmentRegion = en;
			hasScannedForEncodings = 0;
			knownRegions = (
				en,
				Base,
			);
			mainGroup = BFC3DBE72BBAE7F90094FE0F;
			productRefGroup = BFC3DBF12BBAE7F90094FE0F /* Products */;
			projectDirPath = "";
			projectRoot = "";
			targets = (
				BFC3DBEF2BBAE7F90094FE0F /* ToDoApp */,
				BFC3DC052BBAE7FC0094FE0F /* ToDoAppTests */,
				BFC3DC0F2BBAE7FC0094FE0F /* ToDoAppUITests */,
			);
		};
/* End PBXProject section */

/* Begin PBXResourcesBuildPhase section */
		BFC3DBEE2BBAE7F90094FE0F /* Resources */ = {
			isa = PBXResourcesBuildPhase;
			buildActionMask = 2147483647;
			files = (
				BFAF41562BBDD922005F0417 /* TaskTableViewCell.xib in Resources */,
				BFC3DBFD2BBAE7FB0094FE0F /* Assets.xcassets in Resources */,
				BFC3DC382BBB3FD90094FE0F /* TaskCell.xib in Resources */,
				BFC3DC002BBAE7FB0094FE0F /* Base in Resources */,
				BFC3DC342BBB3FB80094FE0F /* HistoryCell.xib in Resources */,
				BFC3DBFB2BBAE7F90094FE0F /* Base in Resources */,
			);
			runOnlyForDeploymentPostprocessing = 0;
		};
		BFC3DC042BBAE7FC0094FE0F /* Resources */ = {
			isa = PBXResourcesBuildPhase;
			buildActionMask = 2147483647;
			files = (
			);
			runOnlyForDeploymentPostprocessing = 0;
		};
		BFC3DC0E2BBAE7FC0094FE0F /* Resources */ = {
			isa = PBXResourcesBuildPhase;
			buildActionMask = 2147483647;
			files = (
			);
			runOnlyForDeploymentPostprocessing = 0;
		};
/* End PBXResourcesBuildPhase section */

/* Begin PBXSourcesBuildPhase section */
		BFC3DBEC2BBAE7F90094FE0F /* Sources */ = {
			isa = PBXSourcesBuildPhase;
			buildActionMask = 2147483647;
			files = (
				BFC3DC2C2BBB3D050094FE0F /* ToDoListController.swift in Sources */,
				BFC3DC242BBAE82B0094FE0F /* MainTabBarViewController.swift in Sources */,
				BFAF41552BBDD922005F0417 /* TaskTableViewCell.swift in Sources */,
				BFC3DC2E2BBB3D220094FE0F /* AddTaskController.swift in Sources */,
				BFC3DC302BBB3D350094FE0F /* ArchiveController.swift in Sources */,
				BFC3DBF42BBAE7F90094FE0F /* AppDelegate.swift in Sources */,
				BFC3DC352BBB3FB80094FE0F /* HistoryCell.swift in Sources */,
				BFC3DC392BBB3FD90094FE0F /* TaskCell.swift in Sources */,
				BF653AF52BBDCEE10043D7C0 /* Task.swift in Sources */,
				BFC3DBF62BBAE7F90094FE0F /* SceneDelegate.swift in Sources */,
			);
			runOnlyForDeploymentPostprocessing = 0;
		};
		BFC3DC022BBAE7FC0094FE0F /* Sources */ = {
			isa = PBXSourcesBuildPhase;
			buildActionMask = 2147483647;
			files = (
				BFC3DC0B2BBAE7FC0094FE0F /* ToDoAppTests.swift in Sources */,
			);
			runOnlyForDeploymentPostprocessing = 0;
		};
		BFC3DC0C2BBAE7FC0094FE0F /* Sources */ = {
			isa = PBXSourcesBuildPhase;
			buildActionMask = 2147483647;
			files = (
				BFC3DC172BBAE7FC0094FE0F /* ToDoAppUITestsLaunchTests.swift in Sources */,
				BFC3DC152BBAE7FC0094FE0F /* ToDoAppUITests.swift in Sources */,
			);
			runOnlyForDeploymentPostprocessing = 0;
		};
/* End PBXSourcesBuildPhase section */

/* Begin PBXTargetDependency section */
		BFC3DC082BBAE7FC0094FE0F /* PBXTargetDependency */ = {
			isa = PBXTargetDependency;
			target = BFC3DBEF2BBAE7F90094FE0F /* ToDoApp */;
			targetProxy = BFC3DC072BBAE7FC0094FE0F /* PBXContainerItemProxy */;
		};
		BFC3DC122BBAE7FC0094FE0F /* PBXTargetDependency */ = {
			isa = PBXTargetDependency;
			target = BFC3DBEF2BBAE7F90094FE0F /* ToDoApp */;
			targetProxy = BFC3DC112BBAE7FC0094FE0F /* PBXContainerItemProxy */;
		};
/* End PBXTargetDependency section */

/* Begin PBXVariantGroup section */
		BFC3DBF92BBAE7F90094FE0F /* Main.storyboard */ = {
			isa = PBXVariantGroup;
			children = (
				BFC3DBFA2BBAE7F90094FE0F /* Base */,
			);
			name = Main.storyboard;
			sourceTree = "<group>";
		};
		BFC3DBFE2BBAE7FB0094FE0F /* LaunchScreen.storyboard */ = {
			isa = PBXVariantGroup;
			children = (
				BFC3DBFF2BBAE7FB0094FE0F /* Base */,
			);
			name = LaunchScreen.storyboard;
			sourceTree = "<group>";
		};
/* End PBXVariantGroup section */

/* Begin XCBuildConfiguration section */
		BFC3DC182BBAE7FC0094FE0F /* Debug */ = {
			isa = XCBuildConfiguration;
			buildSettings = {
				ALWAYS_SEARCH_USER_PATHS = NO;
				ASSETCATALOG_COMPILER_GENERATE_SWIFT_ASSET_SYMBOL_EXTENSIONS = YES;
				CLANG_ANALYZER_NONNULL = YES;
				CLANG_ANALYZER_NUMBER_OBJECT_CONVERSION = YES_AGGRESSIVE;
				CLANG_CXX_LANGUAGE_STANDARD = "gnu++20";
				CLANG_ENABLE_MODULES = YES;
				CLANG_ENABLE_OBJC_ARC = YES;
				CLANG_ENABLE_OBJC_WEAK = YES;
				CLANG_WARN_BLOCK_CAPTURE_AUTORELEASING = YES;
				CLANG_WARN_BOOL_CONVERSION = YES;
				CLANG_WARN_COMMA = YES;
				CLANG_WARN_CONSTANT_CONVERSION = YES;
				CLANG_WARN_DEPRECATED_OBJC_IMPLEMENTATIONS = YES;
				CLANG_WARN_DIRECT_OBJC_ISA_USAGE = YES_ERROR;
				CLANG_WARN_DOCUMENTATION_COMMENTS = YES;
				CLANG_WARN_EMPTY_BODY = YES;
				CLANG_WARN_ENUM_CONVERSION = YES;
				CLANG_WARN_INFINITE_RECURSION = YES;
				CLANG_WARN_INT_CONVERSION = YES;
				CLANG_WARN_NON_LITERAL_NULL_CONVERSION = YES;
				CLANG_WARN_OBJC_IMPLICIT_RETAIN_SELF = YES;
				CLANG_WARN_OBJC_LITERAL_CONVERSION = YES;
				CLANG_WARN_OBJC_ROOT_CLASS = YES_ERROR;
				CLANG_WARN_QUOTED_INCLUDE_IN_FRAMEWORK_HEADER = YES;
				CLANG_WARN_RANGE_LOOP_ANALYSIS = YES;
				CLANG_WARN_STRICT_PROTOTYPES = YES;
				CLANG_WARN_SUSPICIOUS_MOVE = YES;
				CLANG_WARN_UNGUARDED_AVAILABILITY = YES_AGGRESSIVE;
				CLANG_WARN_UNREACHABLE_CODE = YES;
				CLANG_WARN__DUPLICATE_METHOD_MATCH = YES;
				COPY_PHASE_STRIP = NO;
				DEBUG_INFORMATION_FORMAT = dwarf;
				ENABLE_STRICT_OBJC_MSGSEND = YES;
				ENABLE_TESTABILITY = YES;
				ENABLE_USER_SCRIPT_SANDBOXING = YES;
				GCC_C_LANGUAGE_STANDARD = gnu17;
				GCC_DYNAMIC_NO_PIC = NO;
				GCC_NO_COMMON_BLOCKS = YES;
				GCC_OPTIMIZATION_LEVEL = 0;
				GCC_PREPROCESSOR_DEFINITIONS = (
					"DEBUG=1",
					"$(inherited)",
				);
				GCC_WARN_64_TO_32_BIT_CONVERSION = YES;
				GCC_WARN_ABOUT_RETURN_TYPE = YES_ERROR;
				GCC_WARN_UNDECLARED_SELECTOR = YES;
				GCC_WARN_UNINITIALIZED_AUTOS = YES_AGGRESSIVE;
				GCC_WARN_UNUSED_FUNCTION = YES;
				GCC_WARN_UNUSED_VARIABLE = YES;
				IPHONEOS_DEPLOYMENT_TARGET = 17.4;
				LOCALIZATION_PREFERS_STRING_CATALOGS = YES;
				MTL_ENABLE_DEBUG_INFO = INCLUDE_SOURCE;
				MTL_FAST_MATH = YES;
				ONLY_ACTIVE_ARCH = YES;
				SDKROOT = iphoneos;
				SWIFT_ACTIVE_COMPILATION_CONDITIONS = "DEBUG $(inherited)";
				SWIFT_OPTIMIZATION_LEVEL = "-Onone";
			};
			name = Debug;
		};
		BFC3DC192BBAE7FC0094FE0F /* Release */ = {
			isa = XCBuildConfiguration;
			buildSettings = {
				ALWAYS_SEARCH_USER_PATHS = NO;
				ASSETCATALOG_COMPILER_GENERATE_SWIFT_ASSET_SYMBOL_EXTENSIONS = YES;
				CLANG_ANALYZER_NONNULL = YES;
				CLANG_ANALYZER_NUMBER_OBJECT_CONVERSION = YES_AGGRESSIVE;
				CLANG_CXX_LANGUAGE_STANDARD = "gnu++20";
				CLANG_ENABLE_MODULES = YES;
				CLANG_ENABLE_OBJC_ARC = YES;
				CLANG_ENABLE_OBJC_WEAK = YES;
				CLANG_WARN_BLOCK_CAPTURE_AUTORELEASING = YES;
				CLANG_WARN_BOOL_CONVERSION = YES;
				CLANG_WARN_COMMA = YES;
				CLANG_WARN_CONSTANT_CONVERSION = YES;
				CLANG_WARN_DEPRECATED_OBJC_IMPLEMENTATIONS = YES;
				CLANG_WARN_DIRECT_OBJC_ISA_USAGE = YES_ERROR;
				CLANG_WARN_DOCUMENTATION_COMMENTS = YES;
				CLANG_WARN_EMPTY_BODY = YES;
				CLANG_WARN_ENUM_CONVERSION = YES;
				CLANG_WARN_INFINITE_RECURSION = YES;
				CLANG_WARN_INT_CONVERSION = YES;
				CLANG_WARN_NON_LITERAL_NULL_CONVERSION = YES;
				CLANG_WARN_OBJC_IMPLICIT_RETAIN_SELF = YES;
				CLANG_WARN_OBJC_LITERAL_CONVERSION = YES;
				CLANG_WARN_OBJC_ROOT_CLASS = YES_ERROR;
				CLANG_WARN_QUOTED_INCLUDE_IN_FRAMEWORK_HEADER = YES;
				CLANG_WARN_RANGE_LOOP_ANALYSIS = YES;
				CLANG_WARN_STRICT_PROTOTYPES = YES;
				CLANG_WARN_SUSPICIOUS_MOVE = YES;
				CLANG_WARN_UNGUARDED_AVAILABILITY = YES_AGGRESSIVE;
				CLANG_WARN_UNREACHABLE_CODE = YES;
				CLANG_WARN__DUPLICATE_METHOD_MATCH = YES;
				COPY_PHASE_STRIP = NO;
				DEBUG_INFORMATION_FORMAT = "dwarf-with-dsym";
				ENABLE_NS_ASSERTIONS = NO;
				ENABLE_STRICT_OBJC_MSGSEND = YES;
				ENABLE_USER_SCRIPT_SANDBOXING = YES;
				GCC_C_LANGUAGE_STANDARD = gnu17;
				GCC_NO_COMMON_BLOCKS = YES;
				GCC_WARN_64_TO_32_BIT_CONVERSION = YES;
				GCC_WARN_ABOUT_RETURN_TYPE = YES_ERROR;
				GCC_WARN_UNDECLARED_SELECTOR = YES;
				GCC_WARN_UNINITIALIZED_AUTOS = YES_AGGRESSIVE;
				GCC_WARN_UNUSED_FUNCTION = YES;
				GCC_WARN_UNUSED_VARIABLE = YES;
				IPHONEOS_DEPLOYMENT_TARGET = 17.4;
				LOCALIZATION_PREFERS_STRING_CATALOGS = YES;
				MTL_ENABLE_DEBUG_INFO = NO;
				MTL_FAST_MATH = YES;
				SDKROOT = iphoneos;
				SWIFT_COMPILATION_MODE = wholemodule;
				VALIDATE_PRODUCT = YES;
			};
			name = Release;
		};
		BFC3DC1B2BBAE7FC0094FE0F /* Debug */ = {
			isa = XCBuildConfiguration;
			buildSettings = {
				ASSETCATALOG_COMPILER_APPICON_NAME = AppIcon;
				ASSETCATALOG_COMPILER_GLOBAL_ACCENT_COLOR_NAME = AccentColor;
				CODE_SIGN_STYLE = Automatic;
				CURRENT_PROJECT_VERSION = 1;
				GENERATE_INFOPLIST_FILE = YES;
				INFOPLIST_FILE = ToDoApp/App/Info.plist;
				INFOPLIST_KEY_UIApplicationSupportsIndirectInputEvents = YES;
				INFOPLIST_KEY_UILaunchStoryboardName = LaunchScreen;
				INFOPLIST_KEY_UIMainStoryboardFile = Main;
				INFOPLIST_KEY_UISupportedInterfaceOrientations_iPad = "UIInterfaceOrientationPortrait UIInterfaceOrientationPortraitUpsideDown UIInterfaceOrientationLandscapeLeft UIInterfaceOrientationLandscapeRight";
				INFOPLIST_KEY_UISupportedInterfaceOrientations_iPhone = "UIInterfaceOrientationPortrait UIInterfaceOrientationLandscapeLeft UIInterfaceOrientationLandscapeRight";
				LD_RUNPATH_SEARCH_PATHS = (
					"$(inherited)",
					"@executable_path/Frameworks",
				);
				MARKETING_VERSION = 1.0;
				PRODUCT_BUNDLE_IDENTIFIER = com.rakhymzhan.ToDoApp;
				PRODUCT_NAME = "$(TARGET_NAME)";
				SWIFT_EMIT_LOC_STRINGS = YES;
				SWIFT_VERSION = 5.0;
				TARGETED_DEVICE_FAMILY = "1,2";
			};
			name = Debug;
		};
		BFC3DC1C2BBAE7FC0094FE0F /* Release */ = {
			isa = XCBuildConfiguration;
			buildSettings = {
				ASSETCATALOG_COMPILER_APPICON_NAME = AppIcon;
				ASSETCATALOG_COMPILER_GLOBAL_ACCENT_COLOR_NAME = AccentColor;
				CODE_SIGN_STYLE = Automatic;
				CURRENT_PROJECT_VERSION = 1;
				GENERATE_INFOPLIST_FILE = YES;
				INFOPLIST_FILE = ToDoApp/App/Info.plist;
				INFOPLIST_KEY_UIApplicationSupportsIndirectInputEvents = YES;
				INFOPLIST_KEY_UILaunchStoryboardName = LaunchScreen;
				INFOPLIST_KEY_UIMainStoryboardFile = Main;
				INFOPLIST_KEY_UISupportedInterfaceOrientations_iPad = "UIInterfaceOrientationPortrait UIInterfaceOrientationPortraitUpsideDown UIInterfaceOrientationLandscapeLeft UIInterfaceOrientationLandscapeRight";
				INFOPLIST_KEY_UISupportedInterfaceOrientations_iPhone = "UIInterfaceOrientationPortrait UIInterfaceOrientationLandscapeLeft UIInterfaceOrientationLandscapeRight";
				LD_RUNPATH_SEARCH_PATHS = (
					"$(inherited)",
					"@executable_path/Frameworks",
				);
				MARKETING_VERSION = 1.0;
				PRODUCT_BUNDLE_IDENTIFIER = com.rakhymzhan.ToDoApp;
				PRODUCT_NAME = "$(TARGET_NAME)";
				SWIFT_EMIT_LOC_STRINGS = YES;
				SWIFT_VERSION = 5.0;
				TARGETED_DEVICE_FAMILY = "1,2";
			};
			name = Release;
		};
		BFC3DC1E2BBAE7FC0094FE0F /* Debug */ = {
			isa = XCBuildConfiguration;
			buildSettings = {
				ALWAYS_EMBED_SWIFT_STANDARD_LIBRARIES = YES;
				BUNDLE_LOADER = "$(TEST_HOST)";
				CODE_SIGN_STYLE = Automatic;
				CURRENT_PROJECT_VERSION = 1;
				GENERATE_INFOPLIST_FILE = YES;
				IPHONEOS_DEPLOYMENT_TARGET = 17.4;
				MARKETING_VERSION = 1.0;
				PRODUCT_BUNDLE_IDENTIFIER = com.rakhymzhan.ToDoAppTests;
				PRODUCT_NAME = "$(TARGET_NAME)";
				SWIFT_EMIT_LOC_STRINGS = NO;
				SWIFT_VERSION = 5.0;
				TARGETED_DEVICE_FAMILY = "1,2";
				TEST_HOST = "$(BUILT_PRODUCTS_DIR)/ToDoApp.app/$(BUNDLE_EXECUTABLE_FOLDER_PATH)/ToDoApp";
			};
			name = Debug;
		};
		BFC3DC1F2BBAE7FC0094FE0F /* Release */ = {
			isa = XCBuildConfiguration;
			buildSettings = {
				ALWAYS_EMBED_SWIFT_STANDARD_LIBRARIES = YES;
				BUNDLE_LOADER = "$(TEST_HOST)";
				CODE_SIGN_STYLE = Automatic;
				CURRENT_PROJECT_VERSION = 1;
				GENERATE_INFOPLIST_FILE = YES;
				IPHONEOS_DEPLOYMENT_TARGET = 17.4;
				MARKETING_VERSION = 1.0;
				PRODUCT_BUNDLE_IDENTIFIER = com.rakhymzhan.ToDoAppTests;
				PRODUCT_NAME = "$(TARGET_NAME)";
				SWIFT_EMIT_LOC_STRINGS = NO;
				SWIFT_VERSION = 5.0;
				TARGETED_DEVICE_FAMILY = "1,2";
				TEST_HOST = "$(BUILT_PRODUCTS_DIR)/ToDoApp.app/$(BUNDLE_EXECUTABLE_FOLDER_PATH)/ToDoApp";
			};
			name = Release;
		};
		BFC3DC212BBAE7FC0094FE0F /* Debug */ = {
			isa = XCBuildConfiguration;
			buildSettings = {
				ALWAYS_EMBED_SWIFT_STANDARD_LIBRARIES = YES;
				CODE_SIGN_STYLE = Automatic;
				CURRENT_PROJECT_VERSION = 1;
				GENERATE_INFOPLIST_FILE = YES;
				MARKETING_VERSION = 1.0;
				PRODUCT_BUNDLE_IDENTIFIER = com.rakhymzhan.ToDoAppUITests;
				PRODUCT_NAME = "$(TARGET_NAME)";
				SWIFT_EMIT_LOC_STRINGS = NO;
				SWIFT_VERSION = 5.0;
				TARGETED_DEVICE_FAMILY = "1,2";
				TEST_TARGET_NAME = ToDoApp;
			};
			name = Debug;
		};
		BFC3DC222BBAE7FC0094FE0F /* Release */ = {
			isa = XCBuildConfiguration;
			buildSettings = {
				ALWAYS_EMBED_SWIFT_STANDARD_LIBRARIES = YES;
				CODE_SIGN_STYLE = Automatic;
				CURRENT_PROJECT_VERSION = 1;
				GENERATE_INFOPLIST_FILE = YES;
				MARKETING_VERSION = 1.0;
				PRODUCT_BUNDLE_IDENTIFIER = com.rakhymzhan.ToDoAppUITests;
				PRODUCT_NAME = "$(TARGET_NAME)";
				SWIFT_EMIT_LOC_STRINGS = NO;
				SWIFT_VERSION = 5.0;
				TARGETED_DEVICE_FAMILY = "1,2";
				TEST_TARGET_NAME = ToDoApp;
			};
			name = Release;
		};
/* End XCBuildConfiguration section */

/* Begin XCConfigurationList section */
		BFC3DBEB2BBAE7F90094FE0F /* Build configuration list for PBXProject "ToDoApp" */ = {
			isa = XCConfigurationList;
			buildConfigurations = (
				BFC3DC182BBAE7FC0094FE0F /* Debug */,
				BFC3DC192BBAE7FC0094FE0F /* Release */,
			);
			defaultConfigurationIsVisible = 0;
			defaultConfigurationName = Release;
		};
		BFC3DC1A2BBAE7FC0094FE0F /* Build configuration list for PBXNativeTarget "ToDoApp" */ = {
			isa = XCConfigurationList;
			buildConfigurations = (
				BFC3DC1B2BBAE7FC0094FE0F /* Debug */,
				BFC3DC1C2BBAE7FC0094FE0F /* Release */,
			);
			defaultConfigurationIsVisible = 0;
			defaultConfigurationName = Release;
		};
		BFC3DC1D2BBAE7FC0094FE0F /* Build configuration list for PBXNativeTarget "ToDoAppTests" */ = {
			isa = XCConfigurationList;
			buildConfigurations = (
				BFC3DC1E2BBAE7FC0094FE0F /* Debug */,
				BFC3DC1F2BBAE7FC0094FE0F /* Release */,
			);
			defaultConfigurationIsVisible = 0;
			defaultConfigurationName = Release;
		};
		BFC3DC202BBAE7FC0094FE0F /* Build configuration list for PBXNativeTarget "ToDoAppUITests" */ = {
			isa = XCConfigurationList;
			buildConfigurations = (
				BFC3DC212BBAE7FC0094FE0F /* Debug */,
				BFC3DC222BBAE7FC0094FE0F /* Release */,
			);
			defaultConfigurationIsVisible = 0;
			defaultConfigurationName = Release;
		};
/* End XCConfigurationList section */
	};
	rootObject = BFC3DBE82BBAE7F90094FE0F /* Project object */;
}
